// !$*UTF8*$!
{
	archiveVersion = 1;
	classes = {
	};
	objectVersion = 50;
	objects = {

/* Begin PBXBuildFile section */
		C10EA121244990E2001A3591 /* bj14499.cpp in Sources */ = {isa = PBXBuildFile; fileRef = C10EA120244990E2001A3591 /* bj14499.cpp */; };
/* End PBXBuildFile section */

/* Begin PBXCopyFilesBuildPhase section */
		C1B6F2B624419A7D00CC56D5 /* CopyFiles */ = {
			isa = PBXCopyFilesBuildPhase;
			buildActionMask = 2147483647;
			dstPath = /usr/share/man/man1/;
			dstSubfolderSpec = 0;
			files = (
			);
			runOnlyForDeploymentPostprocessing = 1;
		};
/* End PBXCopyFilesBuildPhase section */

/* Begin PBXFileReference section */
		C10EA120244990E2001A3591 /* bj14499.cpp */ = {isa = PBXFileReference; lastKnownFileType = sourcecode.cpp.cpp; path = bj14499.cpp; sourceTree = "<group>"; };
		C1B6F2B824419A7D00CC56D5 /* 삼성 sw */ = {isa = PBXFileReference; explicitFileType = "compiled.mach-o.executable"; includeInIndex = 0; path = "삼성 sw"; sourceTree = BUILT_PRODUCTS_DIR; };
		C1B6F2C42441EF1E00CC56D5 /* bj14501.cpp */ = {isa = PBXFileReference; lastKnownFileType = sourcecode.cpp.cpp; path = bj14501.cpp; sourceTree = "<group>"; };
		C1B6F2C624456D9900CC56D5 /* bj14889.cpp */ = {isa = PBXFileReference; lastKnownFileType = sourcecode.cpp.cpp; path = bj14889.cpp; sourceTree = "<group>"; };
		C1B6F2CA24457AEC00CC56D5 /* bj13460.cpp */ = {isa = PBXFileReference; lastKnownFileType = sourcecode.cpp.cpp; path = bj13460.cpp; sourceTree = "<group>"; };
		C1B6F2CC24457B4F00CC56D5 /* bj14891.cpp */ = {isa = PBXFileReference; lastKnownFileType = sourcecode.cpp.cpp; path = bj14891.cpp; sourceTree = "<group>"; };
		C1B6F2CE2445A8F600CC56D5 /* bj13458.cpp */ = {isa = PBXFileReference; lastKnownFileType = sourcecode.cpp.cpp; path = bj13458.cpp; sourceTree = "<group>"; };
		C1B6F2D02445AD7B00CC56D5 /* bj3190.cpp */ = {isa = PBXFileReference; lastKnownFileType = sourcecode.cpp.cpp; path = bj3190.cpp; sourceTree = "<group>"; };
		C1B6F2D22445E6AC00CC56D5 /* bj14890.cpp */ = {isa = PBXFileReference; lastKnownFileType = sourcecode.cpp.cpp; path = bj14890.cpp; sourceTree = "<group>"; };
		C1B6F2D42447426D00CC56D5 /* bj14888.cpp */ = {isa = PBXFileReference; lastKnownFileType = sourcecode.cpp.cpp; path = bj14888.cpp; sourceTree = "<group>"; };
		C1B6F2D724484C3700CC56D5 /* bj14500.cpp */ = {isa = PBXFileReference; lastKnownFileType = sourcecode.cpp.cpp; path = bj14500.cpp; sourceTree = "<group>"; };
/* End PBXFileReference section */

/* Begin PBXFrameworksBuildPhase section */
		C1B6F2B524419A7D00CC56D5 /* Frameworks */ = {
			isa = PBXFrameworksBuildPhase;
			buildActionMask = 2147483647;
			files = (
			);
			runOnlyForDeploymentPostprocessing = 0;
		};
/* End PBXFrameworksBuildPhase section */

/* Begin PBXGroup section */
		C1B6F2AF24419A7D00CC56D5 = {
			isa = PBXGroup;
			children = (
				C1B6F2BA24419A7D00CC56D5 /* 삼성 sw */,
				C1B6F2B924419A7D00CC56D5 /* Products */,
			);
			sourceTree = "<group>";
		};
		C1B6F2B924419A7D00CC56D5 /* Products */ = {
			isa = PBXGroup;
			children = (
				C1B6F2B824419A7D00CC56D5 /* 삼성 sw */,
			);
			name = Products;
			sourceTree = "<group>";
		};
		C1B6F2BA24419A7D00CC56D5 /* 삼성 sw */ = {
			isa = PBXGroup;
			children = (
				C1B6F2CA24457AEC00CC56D5 /* bj13460.cpp */,
				C1B6F2C42441EF1E00CC56D5 /* bj14501.cpp */,
				C1B6F2C624456D9900CC56D5 /* bj14889.cpp */,
				C1B6F2CC24457B4F00CC56D5 /* bj14891.cpp */,
				C1B6F2CE2445A8F600CC56D5 /* bj13458.cpp */,
				C1B6F2D02445AD7B00CC56D5 /* bj3190.cpp */,
				C1B6F2D22445E6AC00CC56D5 /* bj14890.cpp */,
				C1B6F2D42447426D00CC56D5 /* bj14888.cpp */,
				C1B6F2D724484C3700CC56D5 /* bj14500.cpp */,
				C10EA120244990E2001A3591 /* bj14499.cpp */,
			);
			path = "삼성 sw";
			sourceTree = "<group>";
		};
/* End PBXGroup section */

/* Begin PBXNativeTarget section */
		C1B6F2B724419A7D00CC56D5 /* 삼성 sw */ = {
			isa = PBXNativeTarget;
			buildConfigurationList = C1B6F2BF24419A7D00CC56D5 /* Build configuration list for PBXNativeTarget "삼성 sw" */;
			buildPhases = (
				C1B6F2B424419A7D00CC56D5 /* Sources */,
				C1B6F2B524419A7D00CC56D5 /* Frameworks */,
				C1B6F2B624419A7D00CC56D5 /* CopyFiles */,
			);
			buildRules = (
			);
			dependencies = (
			);
			name = "삼성 sw";
			productName = "삼성 sw";
			productReference = C1B6F2B824419A7D00CC56D5 /* 삼성 sw */;
			productType = "com.apple.product-type.tool";
		};
/* End PBXNativeTarget section */

/* Begin PBXProject section */
		C1B6F2B024419A7D00CC56D5 /* Project object */ = {
			isa = PBXProject;
			attributes = {
				LastUpgradeCheck = 1140;
				ORGANIZATIONNAME = "김다원";
				TargetAttributes = {
					C1B6F2B724419A7D00CC56D5 = {
						CreatedOnToolsVersion = 11.4;
					};
				};
			};
			buildConfigurationList = C1B6F2B324419A7D00CC56D5 /* Build configuration list for PBXProject "삼성 sw" */;
			compatibilityVersion = "Xcode 9.3";
			developmentRegion = en;
			hasScannedForEncodings = 0;
			knownRegions = (
				en,
				Base,
			);
			mainGroup = C1B6F2AF24419A7D00CC56D5;
			productRefGroup = C1B6F2B924419A7D00CC56D5 /* Products */;
			projectDirPath = "";
			projectRoot = "";
			targets = (
				C1B6F2B724419A7D00CC56D5 /* 삼성 sw */,
			);
		};
/* End PBXProject section */

/* Begin PBXSourcesBuildPhase section */
		C1B6F2B424419A7D00CC56D5 /* Sources */ = {
			isa = PBXSourcesBuildPhase;
			buildActionMask = 2147483647;
			files = (
				C10EA121244990E2001A3591 /* bj14499.cpp in Sources */,
			);
			runOnlyForDeploymentPostprocessing = 0;
		};
/* End PBXSourcesBuildPhase section */

/* Begin XCBuildConfiguration section */
		C1B6F2BD24419A7D00CC56D5 /* Debug */ = {
			isa = XCBuildConfiguration;
			buildSettings = {
				ALWAYS_SEARCH_USER_PATHS = NO;
				CLANG_ANALYZER_NONNULL = YES;
				CLANG_ANALYZER_NUMBER_OBJECT_CONVERSION = YES_AGGRESSIVE;
				CLANG_CXX_LANGUAGE_STANDARD = "gnu++14";
				CLANG_CXX_LIBRARY = "libc++";
				CLANG_ENABLE_MODULES = YES;
				CLANG_ENABLE_OBJC_ARC = YES;
				CLANG_ENABLE_OBJC_WEAK = YES;
				CLANG_WARN_BLOCK_CAPTURE_AUTORELEASING = YES;
				CLANG_WARN_BOOL_CONVERSION = YES;
				CLANG_WARN_COMMA = YES;
				CLANG_WARN_CONSTANT_CONVERSION = YES;
				CLANG_WARN_DEPRECATED_OBJC_IMPLEMENTATIONS = YES;
				CLANG_WARN_DIRECT_OBJC_ISA_USAGE = YES_ERROR;
				CLANG_WARN_DOCUMENTATION_COMMENTS = YES;
				CLANG_WARN_EMPTY_BODY = YES;
				CLANG_WARN_ENUM_CONVERSION = YES;
				CLANG_WARN_INFINITE_RECURSION = YES;
				CLANG_WARN_INT_CONVERSION = YES;
				CLANG_WARN_NON_LITERAL_NULL_CONVERSION = YES;
				CLANG_WARN_OBJC_IMPLICIT_RETAIN_SELF = YES;
				CLANG_WARN_OBJC_LITERAL_CONVERSION = YES;
				CLANG_WARN_OBJC_ROOT_CLASS = YES_ERROR;
				CLANG_WARN_RANGE_LOOP_ANALYSIS = YES;
				CLANG_WARN_STRICT_PROTOTYPES = YES;
				CLANG_WARN_SUSPICIOUS_MOVE = YES;
				CLANG_WARN_UNGUARDED_AVAILABILITY = YES_AGGRESSIVE;
				CLANG_WARN_UNREACHABLE_CODE = YES;
				CLANG_WARN__DUPLICATE_METHOD_MATCH = YES;
				COPY_PHASE_STRIP = NO;
				DEBUG_INFORMATION_FORMAT = dwarf;
				ENABLE_STRICT_OBJC_MSGSEND = YES;
				ENABLE_TESTABILITY = YES;
				GCC_C_LANGUAGE_STANDARD = gnu11;
				GCC_DYNAMIC_NO_PIC = NO;
				GCC_NO_COMMON_BLOCKS = YES;
				GCC_OPTIMIZATION_LEVEL = 0;
				GCC_PREPROCESSOR_DEFINITIONS = (
					"DEBUG=1",
					"$(inherited)",
				);
				GCC_WARN_64_TO_32_BIT_CONVERSION = YES;
				GCC_WARN_ABOUT_RETURN_TYPE = YES_ERROR;
				GCC_WARN_UNDECLARED_SELECTOR = YES;
				GCC_WARN_UNINITIALIZED_AUTOS = YES_AGGRESSIVE;
				GCC_WARN_UNUSED_FUNCTION = YES;
				GCC_WARN_UNUSED_VARIABLE = YES;
				MACOSX_DEPLOYMENT_TARGET = 10.15;
				MTL_ENABLE_DEBUG_INFO = INCLUDE_SOURCE;
				MTL_FAST_MATH = YES;
				ONLY_ACTIVE_ARCH = YES;
				SDKROOT = macosx;
			};
			name = Debug;
		};
		C1B6F2BE24419A7D00CC56D5 /* Release */ = {
			isa = XCBuildConfiguration;
			buildSettings = {
				ALWAYS_SEARCH_USER_PATHS = NO;
				CLANG_ANALYZER_NONNULL = YES;
				CLANG_ANALYZER_NUMBER_OBJECT_CONVERSION = YES_AGGRESSIVE;
				CLANG_CXX_LANGUAGE_STANDARD = "gnu++14";
				CLANG_CXX_LIBRARY = "libc++";
				CLANG_ENABLE_MODULES = YES;
				CLANG_ENABLE_OBJC_ARC = YES;
				CLANG_ENABLE_OBJC_WEAK = YES;
				CLANG_WARN_BLOCK_CAPTURE_AUTORELEASING = YES;
				CLANG_WARN_BOOL_CONVERSION = YES;
				CLANG_WARN_COMMA = YES;
				CLANG_WARN_CONSTANT_CONVERSION = YES;
				CLANG_WARN_DEPRECATED_OBJC_IMPLEMENTATIONS = YES;
				CLANG_WARN_DIRECT_OBJC_ISA_USAGE = YES_ERROR;
				CLANG_WARN_DOCUMENTATION_COMMENTS = YES;
				CLANG_WARN_EMPTY_BODY = YES;
				CLANG_WARN_ENUM_CONVERSION = YES;
				CLANG_WARN_INFINITE_RECURSION = YES;
				CLANG_WARN_INT_CONVERSION = YES;
				CLANG_WARN_NON_LITERAL_NULL_CONVERSION = YES;
				CLANG_WARN_OBJC_IMPLICIT_RETAIN_SELF = YES;
				CLANG_WARN_OBJC_LITERAL_CONVERSION = YES;
				CLANG_WARN_OBJC_ROOT_CLASS = YES_ERROR;
				CLANG_WARN_RANGE_LOOP_ANALYSIS = YES;
				CLANG_WARN_STRICT_PROTOTYPES = YES;
				CLANG_WARN_SUSPICIOUS_MOVE = YES;
				CLANG_WARN_UNGUARDED_AVAILABILITY = YES_AGGRESSIVE;
				CLANG_WARN_UNREACHABLE_CODE = YES;
				CLANG_WARN__DUPLICATE_METHOD_MATCH = YES;
				COPY_PHASE_STRIP = NO;
				DEBUG_INFORMATION_FORMAT = "dwarf-with-dsym";
				ENABLE_NS_ASSERTIONS = NO;
				ENABLE_STRICT_OBJC_MSGSEND = YES;
				GCC_C_LANGUAGE_STANDARD = gnu11;
				GCC_NO_COMMON_BLOCKS = YES;
				GCC_WARN_64_TO_32_BIT_CONVERSION = YES;
				GCC_WARN_ABOUT_RETURN_TYPE = YES_ERROR;
				GCC_WARN_UNDECLARED_SELECTOR = YES;
				GCC_WARN_UNINITIALIZED_AUTOS = YES_AGGRESSIVE;
				GCC_WARN_UNUSED_FUNCTION = YES;
				GCC_WARN_UNUSED_VARIABLE = YES;
				MACOSX_DEPLOYMENT_TARGET = 10.15;
				MTL_ENABLE_DEBUG_INFO = NO;
				MTL_FAST_MATH = YES;
				SDKROOT = macosx;
			};
			name = Release;
		};
		C1B6F2C024419A7D00CC56D5 /* Debug */ = {
			isa = XCBuildConfiguration;
			buildSettings = {
				CODE_SIGN_STYLE = Automatic;
				PRODUCT_NAME = "$(TARGET_NAME)";
			};
			name = Debug;
		};
		C1B6F2C124419A7D00CC56D5 /* Release */ = {
			isa = XCBuildConfiguration;
			buildSettings = {
				CODE_SIGN_STYLE = Automatic;
				PRODUCT_NAME = "$(TARGET_NAME)";
			};
			name = Release;
		};
/* End XCBuildConfiguration section */

/* Begin XCConfigurationList section */
		C1B6F2B324419A7D00CC56D5 /* Build configuration list for PBXProject "삼성 sw" */ = {
			isa = XCConfigurationList;
			buildConfigurations = (
				C1B6F2BD24419A7D00CC56D5 /* Debug */,
				C1B6F2BE24419A7D00CC56D5 /* Release */,
			);
			defaultConfigurationIsVisible = 0;
			defaultConfigurationName = Release;
		};
		C1B6F2BF24419A7D00CC56D5 /* Build configuration list for PBXNativeTarget "삼성 sw" */ = {
			isa = XCConfigurationList;
			buildConfigurations = (
				C1B6F2C024419A7D00CC56D5 /* Debug */,
				C1B6F2C124419A7D00CC56D5 /* Release */,
			);
			defaultConfigurationIsVisible = 0;
			defaultConfigurationName = Release;
		};
/* End XCConfigurationList section */
	};
	rootObject = C1B6F2B024419A7D00CC56D5 /* Project object */;
}
