// !$*UTF8*$!
{
	archiveVersion = 1;
	classes = {
	};
	objectVersion = 50;
	objects = {

/* Begin PBXBuildFile section */
		C1D97EB02424D9A5005784CB /* bj11655.cpp in Sources */ = {isa = PBXBuildFile; fileRef = C1D97EAF2424D9A5005784CB /* bj11655.cpp */; };
/* End PBXBuildFile section */

/* Begin PBXCopyFilesBuildPhase section */
		C177CB7424193E4E0087B5BF /* CopyFiles */ = {
			isa = PBXCopyFilesBuildPhase;
			buildActionMask = 2147483647;
			dstPath = /usr/share/man/man1/;
			dstSubfolderSpec = 0;
			files = (
			);
			runOnlyForDeploymentPostprocessing = 1;
		};
/* End PBXCopyFilesBuildPhase section */

/* Begin PBXFileReference section */
		C1054FB224221FCE008BDA56 /* bj11004.cpp */ = {isa = PBXFileReference; lastKnownFileType = sourcecode.cpp.cpp; path = bj11004.cpp; sourceTree = "<group>"; };
		C1054FB6242233CA008BDA56 /* bj10828.cpp */ = {isa = PBXFileReference; lastKnownFileType = sourcecode.cpp.cpp; path = bj10828.cpp; sourceTree = "<group>"; };
		C1054FB824223C99008BDA56 /* bj9012.cpp */ = {isa = PBXFileReference; lastKnownFileType = sourcecode.cpp.cpp; path = bj9012.cpp; sourceTree = "<group>"; };
		C1054FBA2422480D008BDA56 /* bj10799.cpp */ = {isa = PBXFileReference; lastKnownFileType = sourcecode.cpp.cpp; path = bj10799.cpp; sourceTree = "<group>"; };
		C1054FBC24225530008BDA56 /* bj10845.cpp */ = {isa = PBXFileReference; lastKnownFileType = sourcecode.cpp.cpp; path = bj10845.cpp; sourceTree = "<group>"; };
		C177CB7624193E4E0087B5BF /* 이것저것 */ = {isa = PBXFileReference; explicitFileType = "compiled.mach-o.executable"; includeInIndex = 0; path = "이것저것"; sourceTree = BUILT_PRODUCTS_DIR; };
		C177CB8024193EA00087B5BF /* bj10430.cpp */ = {isa = PBXFileReference; lastKnownFileType = sourcecode.cpp.cpp; path = bj10430.cpp; sourceTree = "<group>"; };
		C177CB82241942860087B5BF /* bj2609.cpp */ = {isa = PBXFileReference; lastKnownFileType = sourcecode.cpp.cpp; path = bj2609.cpp; sourceTree = "<group>"; };
		C177CB84241949F80087B5BF /* bj9613.cpp */ = {isa = PBXFileReference; lastKnownFileType = sourcecode.cpp.cpp; path = bj9613.cpp; sourceTree = "<group>"; };
		C177CB8624194C930087B5BF /* bj2751.cpp */ = {isa = PBXFileReference; lastKnownFileType = sourcecode.cpp.cpp; path = bj2751.cpp; sourceTree = "<group>"; };
		C177CB88241A3E180087B5BF /* bj11650.cpp */ = {isa = PBXFileReference; lastKnownFileType = sourcecode.cpp.cpp; path = bj11650.cpp; sourceTree = "<group>"; };
		C177CB8D241FAD360087B5BF /* bj11651.cpp */ = {isa = PBXFileReference; lastKnownFileType = sourcecode.cpp.cpp; path = bj11651.cpp; sourceTree = "<group>"; };
		C177CB8F241FAF4C0087B5BF /* bj10814.cpp */ = {isa = PBXFileReference; lastKnownFileType = sourcecode.cpp.cpp; path = bj10814.cpp; sourceTree = "<group>"; };
		C177CB91241FB8DF0087B5BF /* bj10825.cpp */ = {isa = PBXFileReference; lastKnownFileType = sourcecode.cpp.cpp; path = bj10825.cpp; sourceTree = "<group>"; };
		C177CB93241FD1850087B5BF /* bj10989.cpp */ = {isa = PBXFileReference; lastKnownFileType = sourcecode.cpp.cpp; path = bj10989.cpp; sourceTree = "<group>"; };
		C177CB95241FDB290087B5BF /* bj11652.cpp */ = {isa = PBXFileReference; lastKnownFileType = sourcecode.cpp.cpp; path = bj11652.cpp; sourceTree = "<group>"; };
		C1D97EA52424BFEB005784CB /* bj10866.cpp */ = {isa = PBXFileReference; lastKnownFileType = sourcecode.cpp.cpp; path = bj10866.cpp; sourceTree = "<group>"; };
		C1D97EA72424C4D8005784CB /* bj10808.cpp */ = {isa = PBXFileReference; lastKnownFileType = sourcecode.cpp.cpp; path = bj10808.cpp; sourceTree = "<group>"; };
		C1D97EA92424C637005784CB /* bj10809.cpp */ = {isa = PBXFileReference; lastKnownFileType = sourcecode.cpp.cpp; path = bj10809.cpp; sourceTree = "<group>"; };
		C1D97EAB2424CD78005784CB /* bj10820.cpp */ = {isa = PBXFileReference; lastKnownFileType = sourcecode.cpp.cpp; path = bj10820.cpp; sourceTree = "<group>"; };
		C1D97EAD2424D7F4005784CB /* bj2743.cpp */ = {isa = PBXFileReference; lastKnownFileType = sourcecode.cpp.cpp; path = bj2743.cpp; sourceTree = "<group>"; };
		C1D97EAF2424D9A5005784CB /* bj11655.cpp */ = {isa = PBXFileReference; lastKnownFileType = sourcecode.cpp.cpp; path = bj11655.cpp; sourceTree = "<group>"; };
/* End PBXFileReference section */

/* Begin PBXFrameworksBuildPhase section */
		C177CB7324193E4E0087B5BF /* Frameworks */ = {
			isa = PBXFrameworksBuildPhase;
			buildActionMask = 2147483647;
			files = (
			);
			runOnlyForDeploymentPostprocessing = 0;
		};
/* End PBXFrameworksBuildPhase section */

/* Begin PBXGroup section */
		C177CB6D24193E4E0087B5BF = {
			isa = PBXGroup;
			children = (
				C177CB7824193E4E0087B5BF /* 이것저것 */,
				C177CB7724193E4E0087B5BF /* Products */,
			);
			sourceTree = "<group>";
		};
		C177CB7724193E4E0087B5BF /* Products */ = {
			isa = PBXGroup;
			children = (
				C177CB7624193E4E0087B5BF /* 이것저것 */,
			);
			name = Products;
			sourceTree = "<group>";
		};
		C177CB7824193E4E0087B5BF /* 이것저것 */ = {
			isa = PBXGroup;
			children = (
				C177CB8024193EA00087B5BF /* bj10430.cpp */,
				C177CB82241942860087B5BF /* bj2609.cpp */,
				C177CB84241949F80087B5BF /* bj9613.cpp */,
				C177CB8624194C930087B5BF /* bj2751.cpp */,
				C177CB88241A3E180087B5BF /* bj11650.cpp */,
				C177CB8D241FAD360087B5BF /* bj11651.cpp */,
				C177CB8F241FAF4C0087B5BF /* bj10814.cpp */,
				C177CB91241FB8DF0087B5BF /* bj10825.cpp */,
				C177CB93241FD1850087B5BF /* bj10989.cpp */,
				C177CB95241FDB290087B5BF /* bj11652.cpp */,
				C1054FB224221FCE008BDA56 /* bj11004.cpp */,
				C1054FB6242233CA008BDA56 /* bj10828.cpp */,
				C1054FB824223C99008BDA56 /* bj9012.cpp */,
				C1054FBA2422480D008BDA56 /* bj10799.cpp */,
				C1054FBC24225530008BDA56 /* bj10845.cpp */,
				C1D97EA52424BFEB005784CB /* bj10866.cpp */,
				C1D97EA72424C4D8005784CB /* bj10808.cpp */,
				C1D97EA92424C637005784CB /* bj10809.cpp */,
				C1D97EAB2424CD78005784CB /* bj10820.cpp */,
				C1D97EAD2424D7F4005784CB /* bj2743.cpp */,
				C1D97EAF2424D9A5005784CB /* bj11655.cpp */,
			);
			path = "이것저것";
			sourceTree = "<group>";
		};
/* End PBXGroup section */

/* Begin PBXNativeTarget section */
		C177CB7524193E4E0087B5BF /* 이것저것 */ = {
			isa = PBXNativeTarget;
			buildConfigurationList = C177CB7D24193E4E0087B5BF /* Build configuration list for PBXNativeTarget "이것저것" */;
			buildPhases = (
				C177CB7224193E4E0087B5BF /* Sources */,
				C177CB7324193E4E0087B5BF /* Frameworks */,
				C177CB7424193E4E0087B5BF /* CopyFiles */,
			);
			buildRules = (
			);
			dependencies = (
			);
			name = "이것저것";
			productName = "이것저것";
			productReference = C177CB7624193E4E0087B5BF /* 이것저것 */;
			productType = "com.apple.product-type.tool";
		};
/* End PBXNativeTarget section */

/* Begin PBXProject section */
		C177CB6E24193E4E0087B5BF /* Project object */ = {
			isa = PBXProject;
			attributes = {
				LastUpgradeCheck = 1130;
				ORGANIZATIONNAME = "김다원";
				TargetAttributes = {
					C177CB7524193E4E0087B5BF = {
						CreatedOnToolsVersion = 11.3.1;
					};
				};
			};
			buildConfigurationList = C177CB7124193E4E0087B5BF /* Build configuration list for PBXProject "이것저것" */;
			compatibilityVersion = "Xcode 9.3";
			developmentRegion = en;
			hasScannedForEncodings = 0;
			knownRegions = (
				en,
				Base,
			);
			mainGroup = C177CB6D24193E4E0087B5BF;
			productRefGroup = C177CB7724193E4E0087B5BF /* Products */;
			projectDirPath = "";
			projectRoot = "";
			targets = (
				C177CB7524193E4E0087B5BF /* 이것저것 */,
			);
		};
/* End PBXProject section */

/* Begin PBXSourcesBuildPhase section */
		C177CB7224193E4E0087B5BF /* Sources */ = {
			isa = PBXSourcesBuildPhase;
			buildActionMask = 2147483647;
			files = (
				C1D97EB02424D9A5005784CB /* bj11655.cpp in Sources */,
			);
			runOnlyForDeploymentPostprocessing = 0;
		};
/* End PBXSourcesBuildPhase section */

/* Begin XCBuildConfiguration section */
		C177CB7B24193E4E0087B5BF /* Debug */ = {
			isa = XCBuildConfiguration;
			buildSettings = {
				ALWAYS_SEARCH_USER_PATHS = NO;
				CLANG_ANALYZER_NONNULL = YES;
				CLANG_ANALYZER_NUMBER_OBJECT_CONVERSION = YES_AGGRESSIVE;
				CLANG_CXX_LANGUAGE_STANDARD = "gnu++14";
				CLANG_CXX_LIBRARY = "libc++";
				CLANG_ENABLE_MODULES = YES;
				CLANG_ENABLE_OBJC_ARC = YES;
				CLANG_ENABLE_OBJC_WEAK = YES;
				CLANG_WARN_BLOCK_CAPTURE_AUTORELEASING = YES;
				CLANG_WARN_BOOL_CONVERSION = YES;
				CLANG_WARN_COMMA = YES;
				CLANG_WARN_CONSTANT_CONVERSION = YES;
				CLANG_WARN_DEPRECATED_OBJC_IMPLEMENTATIONS = YES;
				CLANG_WARN_DIRECT_OBJC_ISA_USAGE = YES_ERROR;
				CLANG_WARN_DOCUMENTATION_COMMENTS = YES;
				CLANG_WARN_EMPTY_BODY = YES;
				CLANG_WARN_ENUM_CONVERSION = YES;
				CLANG_WARN_INFINITE_RECURSION = YES;
				CLANG_WARN_INT_CONVERSION = YES;
				CLANG_WARN_NON_LITERAL_NULL_CONVERSION = YES;
				CLANG_WARN_OBJC_IMPLICIT_RETAIN_SELF = YES;
				CLANG_WARN_OBJC_LITERAL_CONVERSION = YES;
				CLANG_WARN_OBJC_ROOT_CLASS = YES_ERROR;
				CLANG_WARN_RANGE_LOOP_ANALYSIS = YES;
				CLANG_WARN_STRICT_PROTOTYPES = YES;
				CLANG_WARN_SUSPICIOUS_MOVE = YES;
				CLANG_WARN_UNGUARDED_AVAILABILITY = YES_AGGRESSIVE;
				CLANG_WARN_UNREACHABLE_CODE = YES;
				CLANG_WARN__DUPLICATE_METHOD_MATCH = YES;
				COPY_PHASE_STRIP = NO;
				DEBUG_INFORMATION_FORMAT = dwarf;
				ENABLE_STRICT_OBJC_MSGSEND = YES;
				ENABLE_TESTABILITY = YES;
				GCC_C_LANGUAGE_STANDARD = gnu11;
				GCC_DYNAMIC_NO_PIC = NO;
				GCC_NO_COMMON_BLOCKS = YES;
				GCC_OPTIMIZATION_LEVEL = 0;
				GCC_PREPROCESSOR_DEFINITIONS = (
					"DEBUG=1",
					"$(inherited)",
				);
				GCC_WARN_64_TO_32_BIT_CONVERSION = YES;
				GCC_WARN_ABOUT_RETURN_TYPE = YES_ERROR;
				GCC_WARN_UNDECLARED_SELECTOR = YES;
				GCC_WARN_UNINITIALIZED_AUTOS = YES_AGGRESSIVE;
				GCC_WARN_UNUSED_FUNCTION = YES;
				GCC_WARN_UNUSED_VARIABLE = YES;
				MACOSX_DEPLOYMENT_TARGET = 10.15;
				MTL_ENABLE_DEBUG_INFO = INCLUDE_SOURCE;
				MTL_FAST_MATH = YES;
				ONLY_ACTIVE_ARCH = YES;
				SDKROOT = macosx;
			};
			name = Debug;
		};
		C177CB7C24193E4E0087B5BF /* Release */ = {
			isa = XCBuildConfiguration;
			buildSettings = {
				ALWAYS_SEARCH_USER_PATHS = NO;
				CLANG_ANALYZER_NONNULL = YES;
				CLANG_ANALYZER_NUMBER_OBJECT_CONVERSION = YES_AGGRESSIVE;
				CLANG_CXX_LANGUAGE_STANDARD = "gnu++14";
				CLANG_CXX_LIBRARY = "libc++";
				CLANG_ENABLE_MODULES = YES;
				CLANG_ENABLE_OBJC_ARC = YES;
				CLANG_ENABLE_OBJC_WEAK = YES;
				CLANG_WARN_BLOCK_CAPTURE_AUTORELEASING = YES;
				CLANG_WARN_BOOL_CONVERSION = YES;
				CLANG_WARN_COMMA = YES;
				CLANG_WARN_CONSTANT_CONVERSION = YES;
				CLANG_WARN_DEPRECATED_OBJC_IMPLEMENTATIONS = YES;
				CLANG_WARN_DIRECT_OBJC_ISA_USAGE = YES_ERROR;
				CLANG_WARN_DOCUMENTATION_COMMENTS = YES;
				CLANG_WARN_EMPTY_BODY = YES;
				CLANG_WARN_ENUM_CONVERSION = YES;
				CLANG_WARN_INFINITE_RECURSION = YES;
				CLANG_WARN_INT_CONVERSION = YES;
				CLANG_WARN_NON_LITERAL_NULL_CONVERSION = YES;
				CLANG_WARN_OBJC_IMPLICIT_RETAIN_SELF = YES;
				CLANG_WARN_OBJC_LITERAL_CONVERSION = YES;
				CLANG_WARN_OBJC_ROOT_CLASS = YES_ERROR;
				CLANG_WARN_RANGE_LOOP_ANALYSIS = YES;
				CLANG_WARN_STRICT_PROTOTYPES = YES;
				CLANG_WARN_SUSPICIOUS_MOVE = YES;
				CLANG_WARN_UNGUARDED_AVAILABILITY = YES_AGGRESSIVE;
				CLANG_WARN_UNREACHABLE_CODE = YES;
				CLANG_WARN__DUPLICATE_METHOD_MATCH = YES;
				COPY_PHASE_STRIP = NO;
				DEBUG_INFORMATION_FORMAT = "dwarf-with-dsym";
				ENABLE_NS_ASSERTIONS = NO;
				ENABLE_STRICT_OBJC_MSGSEND = YES;
				GCC_C_LANGUAGE_STANDARD = gnu11;
				GCC_NO_COMMON_BLOCKS = YES;
				GCC_WARN_64_TO_32_BIT_CONVERSION = YES;
				GCC_WARN_ABOUT_RETURN_TYPE = YES_ERROR;
				GCC_WARN_UNDECLARED_SELECTOR = YES;
				GCC_WARN_UNINITIALIZED_AUTOS = YES_AGGRESSIVE;
				GCC_WARN_UNUSED_FUNCTION = YES;
				GCC_WARN_UNUSED_VARIABLE = YES;
				MACOSX_DEPLOYMENT_TARGET = 10.15;
				MTL_ENABLE_DEBUG_INFO = NO;
				MTL_FAST_MATH = YES;
				SDKROOT = macosx;
			};
			name = Release;
		};
		C177CB7E24193E4E0087B5BF /* Debug */ = {
			isa = XCBuildConfiguration;
			buildSettings = {
				CODE_SIGN_STYLE = Automatic;
				PRODUCT_NAME = "$(TARGET_NAME)";
			};
			name = Debug;
		};
		C177CB7F24193E4E0087B5BF /* Release */ = {
			isa = XCBuildConfiguration;
			buildSettings = {
				CODE_SIGN_STYLE = Automatic;
				PRODUCT_NAME = "$(TARGET_NAME)";
			};
			name = Release;
		};
/* End XCBuildConfiguration section */

/* Begin XCConfigurationList section */
		C177CB7124193E4E0087B5BF /* Build configuration list for PBXProject "이것저것" */ = {
			isa = XCConfigurationList;
			buildConfigurations = (
				C177CB7B24193E4E0087B5BF /* Debug */,
				C177CB7C24193E4E0087B5BF /* Release */,
			);
			defaultConfigurationIsVisible = 0;
			defaultConfigurationName = Release;
		};
		C177CB7D24193E4E0087B5BF /* Build configuration list for PBXNativeTarget "이것저것" */ = {
			isa = XCConfigurationList;
			buildConfigurations = (
				C177CB7E24193E4E0087B5BF /* Debug */,
				C177CB7F24193E4E0087B5BF /* Release */,
			);
			defaultConfigurationIsVisible = 0;
			defaultConfigurationName = Release;
		};
/* End XCConfigurationList section */
	};
	rootObject = C177CB6E24193E4E0087B5BF /* Project object */;
}
