// !$*UTF8*$!
{
	archiveVersion = 1;
	classes = {
	};
	objectVersion = 50;
	objects = {

/* Begin PBXBuildFile section */
		C157F2102526239300329181 /* 40_교집합.cpp in Sources */ = {isa = PBXBuildFile; fileRef = C157F20F2526239300329181 /* 40_교집합.cpp */; };
/* End PBXBuildFile section */

/* Begin PBXCopyFilesBuildPhase section */
		C1FF95F1251F6DE500276685 /* CopyFiles */ = {
			isa = PBXCopyFilesBuildPhase;
			buildActionMask = 2147483647;
			dstPath = /usr/share/man/man1/;
			dstSubfolderSpec = 0;
			files = (
			);
			runOnlyForDeploymentPostprocessing = 1;
		};
/* End PBXCopyFilesBuildPhase section */

/* Begin PBXFileReference section */
		C157F1BC2524B3C600329181 /* 21_카드게임.cpp */ = {isa = PBXFileReference; lastKnownFileType = sourcecode.cpp.cpp; path = "21_카드게임.cpp"; sourceTree = "<group>"; };
		C157F1C02524BB8D00329181 /* 22_온도최대값.cpp */ = {isa = PBXFileReference; lastKnownFileType = sourcecode.cpp.cpp; path = "22_온도최대값.cpp"; sourceTree = "<group>"; };
		C157F1C42524C51E00329181 /* 23_연속부분증가수열.cpp */ = {isa = PBXFileReference; lastKnownFileType = sourcecode.cpp.cpp; path = "23_연속부분증가수열.cpp"; sourceTree = "<group>"; };
		C157F1C82524CB4D00329181 /* 24_JollyJumpers.cpp */ = {isa = PBXFileReference; lastKnownFileType = sourcecode.cpp.cpp; path = 24_JollyJumpers.cpp; sourceTree = "<group>"; };
		C157F1CC2524CCC000329181 /* 25_석차구하기.cpp */ = {isa = PBXFileReference; lastKnownFileType = sourcecode.cpp.cpp; path = "25_석차구하기.cpp"; sourceTree = "<group>"; };
		C157F1D02524D47600329181 /* 26_마라톤.cpp */ = {isa = PBXFileReference; lastKnownFileType = sourcecode.cpp.cpp; path = "26_마라톤.cpp"; sourceTree = "<group>"; };
		C157F1D42524DE2200329181 /* 27_N!표현.cpp */ = {isa = PBXFileReference; lastKnownFileType = sourcecode.cpp.cpp; path = "27_N!표현.cpp"; sourceTree = "<group>"; };
		C157F1D82524E4BD00329181 /* 28_N!의0의개수.cpp */ = {isa = PBXFileReference; lastKnownFileType = sourcecode.cpp.cpp; path = "28_N!의0의개수.cpp"; sourceTree = "<group>"; };
		C157F1E22524E68100329181 /* 30_3의개수l.cpp */ = {isa = PBXFileReference; lastKnownFileType = sourcecode.cpp.cpp; path = "30_3의개수l.cpp"; sourceTree = "<group>"; };
		C157F1E82525B77C00329181 /* 31_탄화수소질량.cpp */ = {isa = PBXFileReference; lastKnownFileType = sourcecode.cpp.cpp; path = "31_탄화수소질량.cpp"; sourceTree = "<group>"; };
		C157F1EB2525BB5D00329181 /* 32_선택정렬.cpp */ = {isa = PBXFileReference; lastKnownFileType = sourcecode.cpp.cpp; path = "32_선택정렬.cpp"; sourceTree = "<group>"; };
		C157F1F02525BE7E00329181 /* 33_3등성적?.cpp */ = {isa = PBXFileReference; lastKnownFileType = sourcecode.cpp.cpp; path = "33_3등성적?.cpp"; sourceTree = "<group>"; };
		C157F1F72525C06F00329181 /* 34_버블정렬.cpp */ = {isa = PBXFileReference; lastKnownFileType = sourcecode.cpp.cpp; path = "34_버블정렬.cpp"; sourceTree = "<group>"; };
		C157F1FB2525CFCD00329181 /* 35_SpecialSort.cpp */ = {isa = PBXFileReference; lastKnownFileType = sourcecode.cpp.cpp; path = 35_SpecialSort.cpp; sourceTree = "<group>"; };
		C157F1FF2525D0BB00329181 /* 36_삽입정렬.cpp */ = {isa = PBXFileReference; lastKnownFileType = sourcecode.cpp.cpp; path = "36_삽입정렬.cpp"; sourceTree = "<group>"; };
		C157F2032525D58C00329181 /* 37_카카오캐시변형.cpp */ = {isa = PBXFileReference; lastKnownFileType = sourcecode.cpp.cpp; path = "37_카카오캐시변형.cpp"; sourceTree = "<group>"; };
		C157F207252609B700329181 /* 38_InversionSeq.cpp */ = {isa = PBXFileReference; lastKnownFileType = sourcecode.cpp.cpp; path = 38_InversionSeq.cpp; sourceTree = "<group>"; };
		C157F20B2526168B00329181 /* 39_두배열합치기.cpp */ = {isa = PBXFileReference; lastKnownFileType = sourcecode.cpp.cpp; path = "39_두배열합치기.cpp"; sourceTree = "<group>"; };
		C157F20F2526239300329181 /* 40_교집합.cpp */ = {isa = PBXFileReference; lastKnownFileType = sourcecode.cpp.cpp; path = "40_교집합.cpp"; sourceTree = "<group>"; };
		C1FF95F3251F6DE500276685 /* 알고리즘 기초(인프런) */ = {isa = PBXFileReference; explicitFileType = "compiled.mach-o.executable"; includeInIndex = 0; path = "알고리즘 기초(인프런)"; sourceTree = BUILT_PRODUCTS_DIR; };
		C1FF95FF251F6E1D00276685 /* 1_배수합.cpp */ = {isa = PBXFileReference; lastKnownFileType = sourcecode.cpp.cpp; path = "1_배수합.cpp"; sourceTree = "<group>"; };
		C1FF9602251F753A00276685 /* 2_자연수합.cpp */ = {isa = PBXFileReference; lastKnownFileType = sourcecode.cpp.cpp; path = "2_자연수합.cpp"; sourceTree = "<group>"; };
		C1FF9607251F76B500276685 /* 3_진약수합.cpp */ = {isa = PBXFileReference; lastKnownFileType = sourcecode.cpp.cpp; path = "3_진약수합.cpp"; sourceTree = "<group>"; };
		C1FF960B251F785B00276685 /* 4_나이차이.cpp */ = {isa = PBXFileReference; lastKnownFileType = sourcecode.cpp.cpp; path = "4_나이차이.cpp"; sourceTree = "<group>"; };
		C1FF960F251F7AB100276685 /* 5_나이계산.cpp */ = {isa = PBXFileReference; lastKnownFileType = sourcecode.cpp.cpp; path = "5_나이계산.cpp"; sourceTree = "<group>"; };
		C1FF9613251F810700276685 /* 6_숫자만추출.cpp */ = {isa = PBXFileReference; lastKnownFileType = sourcecode.cpp.cpp; path = "6_숫자만추출.cpp"; sourceTree = "<group>"; };
		C1FF9617251F82F700276685 /* 7_영단어복구.cpp */ = {isa = PBXFileReference; lastKnownFileType = sourcecode.cpp.cpp; path = "7_영단어복구.cpp"; sourceTree = "<group>"; };
		C1FF961B251F85D500276685 /* 8_올바른괄호.cpp */ = {isa = PBXFileReference; lastKnownFileType = sourcecode.cpp.cpp; path = "8_올바른괄호.cpp"; sourceTree = "<group>"; };
		C1FF961F251F878600276685 /* 9_모두의약수.cpp */ = {isa = PBXFileReference; lastKnownFileType = sourcecode.cpp.cpp; path = "9_모두의약수.cpp"; sourceTree = "<group>"; };
		C1FF9623251F89DA00276685 /* 10_자릿수합.cpp */ = {isa = PBXFileReference; lastKnownFileType = sourcecode.cpp.cpp; path = "10_자릿수합.cpp"; sourceTree = "<group>"; };
		C1FF962B251F8D2D00276685 /* 11_숫자총개수s.cpp */ = {isa = PBXFileReference; lastKnownFileType = sourcecode.cpp.cpp; path = "11_숫자총개수s.cpp"; sourceTree = "<group>"; };
		C1FF962F251F8F5C00276685 /* 12_숫자총개수l.cpp */ = {isa = PBXFileReference; lastKnownFileType = sourcecode.cpp.cpp; path = "12_숫자총개수l.cpp"; sourceTree = "<group>"; };
		C1FF96332522265B00276685 /* 13_많이사용된자릿수.cpp */ = {isa = PBXFileReference; lastKnownFileType = sourcecode.cpp.cpp; path = "13_많이사용된자릿수.cpp"; sourceTree = "<group>"; };
		C1FF963A252229CA00276685 /* 14_뒤집은소수.cpp */ = {isa = PBXFileReference; lastKnownFileType = sourcecode.cpp.cpp; path = "14_뒤집은소수.cpp"; sourceTree = "<group>"; };
		C1FF963E25222CAD00276685 /* 15_소수개수.cpp */ = {isa = PBXFileReference; lastKnownFileType = sourcecode.cpp.cpp; path = "15_소수개수.cpp"; sourceTree = "<group>"; };
		C1FF964225222F4300276685 /* 16_아나그램.cpp */ = {isa = PBXFileReference; lastKnownFileType = sourcecode.cpp.cpp; path = "16_아나그램.cpp"; sourceTree = "<group>"; };
		C1FF9646252231CE00276685 /* 17_선생님퀴즈.cpp */ = {isa = PBXFileReference; lastKnownFileType = sourcecode.cpp.cpp; path = "17_선생님퀴즈.cpp"; sourceTree = "<group>"; };
		C1FF964A2522337300276685 /* 18_층간소음.cpp */ = {isa = PBXFileReference; lastKnownFileType = sourcecode.cpp.cpp; path = "18_층간소음.cpp"; sourceTree = "<group>"; };
		C1FF964E2522370200276685 /* 19_분노유발자.cpp */ = {isa = PBXFileReference; lastKnownFileType = sourcecode.cpp.cpp; path = "19_분노유발자.cpp"; sourceTree = "<group>"; };
		C1FF965225223D0200276685 /* 20_가위바위보.cpp */ = {isa = PBXFileReference; lastKnownFileType = sourcecode.cpp.cpp; path = "20_가위바위보.cpp"; sourceTree = "<group>"; };
/* End PBXFileReference section */

/* Begin PBXFrameworksBuildPhase section */
		C1FF95F0251F6DE500276685 /* Frameworks */ = {
			isa = PBXFrameworksBuildPhase;
			buildActionMask = 2147483647;
			files = (
			);
			runOnlyForDeploymentPostprocessing = 0;
		};
/* End PBXFrameworksBuildPhase section */

/* Begin PBXGroup section */
		C1FF95EA251F6DE500276685 = {
			isa = PBXGroup;
			children = (
				C1FF95F5251F6DE500276685 /* 알고리즘 기초(인프런) */,
				C1FF95F4251F6DE500276685 /* Products */,
			);
			sourceTree = "<group>";
		};
		C1FF95F4251F6DE500276685 /* Products */ = {
			isa = PBXGroup;
			children = (
				C1FF95F3251F6DE500276685 /* 알고리즘 기초(인프런) */,
			);
			name = Products;
			sourceTree = "<group>";
		};
		C1FF95F5251F6DE500276685 /* 알고리즘 기초(인프런) */ = {
			isa = PBXGroup;
			children = (
				C1FF95FF251F6E1D00276685 /* 1_배수합.cpp */,
				C1FF9602251F753A00276685 /* 2_자연수합.cpp */,
				C1FF9607251F76B500276685 /* 3_진약수합.cpp */,
				C1FF960B251F785B00276685 /* 4_나이차이.cpp */,
				C1FF960F251F7AB100276685 /* 5_나이계산.cpp */,
				C1FF9613251F810700276685 /* 6_숫자만추출.cpp */,
				C1FF9617251F82F700276685 /* 7_영단어복구.cpp */,
				C1FF961B251F85D500276685 /* 8_올바른괄호.cpp */,
				C1FF961F251F878600276685 /* 9_모두의약수.cpp */,
				C1FF9623251F89DA00276685 /* 10_자릿수합.cpp */,
				C1FF962B251F8D2D00276685 /* 11_숫자총개수s.cpp */,
				C1FF962F251F8F5C00276685 /* 12_숫자총개수l.cpp */,
				C1FF96332522265B00276685 /* 13_많이사용된자릿수.cpp */,
				C1FF963A252229CA00276685 /* 14_뒤집은소수.cpp */,
				C1FF963E25222CAD00276685 /* 15_소수개수.cpp */,
				C1FF964225222F4300276685 /* 16_아나그램.cpp */,
				C1FF9646252231CE00276685 /* 17_선생님퀴즈.cpp */,
				C1FF964A2522337300276685 /* 18_층간소음.cpp */,
				C1FF964E2522370200276685 /* 19_분노유발자.cpp */,
				C1FF965225223D0200276685 /* 20_가위바위보.cpp */,
				C157F1BC2524B3C600329181 /* 21_카드게임.cpp */,
				C157F1C02524BB8D00329181 /* 22_온도최대값.cpp */,
				C157F1C42524C51E00329181 /* 23_연속부분증가수열.cpp */,
				C157F1C82524CB4D00329181 /* 24_JollyJumpers.cpp */,
				C157F1CC2524CCC000329181 /* 25_석차구하기.cpp */,
				C157F1D02524D47600329181 /* 26_마라톤.cpp */,
				C157F1D42524DE2200329181 /* 27_N!표현.cpp */,
				C157F1D82524E4BD00329181 /* 28_N!의0의개수.cpp */,
				C157F1E22524E68100329181 /* 30_3의개수l.cpp */,
				C157F1E82525B77C00329181 /* 31_탄화수소질량.cpp */,
				C157F1EB2525BB5D00329181 /* 32_선택정렬.cpp */,
				C157F1F02525BE7E00329181 /* 33_3등성적?.cpp */,
				C157F1F72525C06F00329181 /* 34_버블정렬.cpp */,
				C157F1FB2525CFCD00329181 /* 35_SpecialSort.cpp */,
				C157F1FF2525D0BB00329181 /* 36_삽입정렬.cpp */,
				C157F2032525D58C00329181 /* 37_카카오캐시변형.cpp */,
				C157F207252609B700329181 /* 38_InversionSeq.cpp */,
				C157F20B2526168B00329181 /* 39_두배열합치기.cpp */,
				C157F20F2526239300329181 /* 40_교집합.cpp */,
			);
			path = "알고리즘 기초(인프런)";
			sourceTree = "<group>";
		};
/* End PBXGroup section */

/* Begin PBXNativeTarget section */
		C1FF95F2251F6DE500276685 /* 알고리즘 기초(인프런) */ = {
			isa = PBXNativeTarget;
			buildConfigurationList = C1FF95FA251F6DE500276685 /* Build configuration list for PBXNativeTarget "알고리즘 기초(인프런)" */;
			buildPhases = (
				C1FF95EF251F6DE500276685 /* Sources */,
				C1FF95F0251F6DE500276685 /* Frameworks */,
				C1FF95F1251F6DE500276685 /* CopyFiles */,
			);
			buildRules = (
			);
			dependencies = (
			);
			name = "알고리즘 기초(인프런)";
			productName = "알고리즘 기초(인프런)";
			productReference = C1FF95F3251F6DE500276685 /* 알고리즘 기초(인프런) */;
			productType = "com.apple.product-type.tool";
		};
/* End PBXNativeTarget section */

/* Begin PBXProject section */
		C1FF95EB251F6DE500276685 /* Project object */ = {
			isa = PBXProject;
			attributes = {
				LastUpgradeCheck = 1200;
				TargetAttributes = {
					C1FF95F2251F6DE500276685 = {
						CreatedOnToolsVersion = 12.0;
					};
				};
			};
			buildConfigurationList = C1FF95EE251F6DE500276685 /* Build configuration list for PBXProject "알고리즘 기초(인프런)" */;
			compatibilityVersion = "Xcode 9.3";
			developmentRegion = en;
			hasScannedForEncodings = 0;
			knownRegions = (
				en,
				Base,
			);
			mainGroup = C1FF95EA251F6DE500276685;
			productRefGroup = C1FF95F4251F6DE500276685 /* Products */;
			projectDirPath = "";
			projectRoot = "";
			targets = (
				C1FF95F2251F6DE500276685 /* 알고리즘 기초(인프런) */,
			);
		};
/* End PBXProject section */

/* Begin PBXSourcesBuildPhase section */
		C1FF95EF251F6DE500276685 /* Sources */ = {
			isa = PBXSourcesBuildPhase;
			buildActionMask = 2147483647;
			files = (
				C157F2102526239300329181 /* 40_교집합.cpp in Sources */,
			);
			runOnlyForDeploymentPostprocessing = 0;
		};
/* End PBXSourcesBuildPhase section */

/* Begin XCBuildConfiguration section */
		C1FF95F8251F6DE500276685 /* Debug */ = {
			isa = XCBuildConfiguration;
			buildSettings = {
				ALWAYS_SEARCH_USER_PATHS = NO;
				CLANG_ANALYZER_NONNULL = YES;
				CLANG_ANALYZER_NUMBER_OBJECT_CONVERSION = YES_AGGRESSIVE;
				CLANG_CXX_LANGUAGE_STANDARD = "gnu++14";
				CLANG_CXX_LIBRARY = "libc++";
				CLANG_ENABLE_MODULES = YES;
				CLANG_ENABLE_OBJC_ARC = YES;
				CLANG_ENABLE_OBJC_WEAK = YES;
				CLANG_WARN_BLOCK_CAPTURE_AUTORELEASING = YES;
				CLANG_WARN_BOOL_CONVERSION = YES;
				CLANG_WARN_COMMA = YES;
				CLANG_WARN_CONSTANT_CONVERSION = YES;
				CLANG_WARN_DEPRECATED_OBJC_IMPLEMENTATIONS = YES;
				CLANG_WARN_DIRECT_OBJC_ISA_USAGE = YES_ERROR;
				CLANG_WARN_DOCUMENTATION_COMMENTS = YES;
				CLANG_WARN_EMPTY_BODY = YES;
				CLANG_WARN_ENUM_CONVERSION = YES;
				CLANG_WARN_INFINITE_RECURSION = YES;
				CLANG_WARN_INT_CONVERSION = YES;
				CLANG_WARN_NON_LITERAL_NULL_CONVERSION = YES;
				CLANG_WARN_OBJC_IMPLICIT_RETAIN_SELF = YES;
				CLANG_WARN_OBJC_LITERAL_CONVERSION = YES;
				CLANG_WARN_OBJC_ROOT_CLASS = YES_ERROR;
				CLANG_WARN_QUOTED_INCLUDE_IN_FRAMEWORK_HEADER = YES;
				CLANG_WARN_RANGE_LOOP_ANALYSIS = YES;
				CLANG_WARN_STRICT_PROTOTYPES = YES;
				CLANG_WARN_SUSPICIOUS_MOVE = YES;
				CLANG_WARN_UNGUARDED_AVAILABILITY = YES_AGGRESSIVE;
				CLANG_WARN_UNREACHABLE_CODE = YES;
				CLANG_WARN__DUPLICATE_METHOD_MATCH = YES;
				COPY_PHASE_STRIP = NO;
				DEBUG_INFORMATION_FORMAT = dwarf;
				ENABLE_STRICT_OBJC_MSGSEND = YES;
				ENABLE_TESTABILITY = YES;
				GCC_C_LANGUAGE_STANDARD = gnu11;
				GCC_DYNAMIC_NO_PIC = NO;
				GCC_NO_COMMON_BLOCKS = YES;
				GCC_OPTIMIZATION_LEVEL = 0;
				GCC_PREPROCESSOR_DEFINITIONS = (
					"DEBUG=1",
					"$(inherited)",
				);
				GCC_WARN_64_TO_32_BIT_CONVERSION = YES;
				GCC_WARN_ABOUT_RETURN_TYPE = YES_ERROR;
				GCC_WARN_UNDECLARED_SELECTOR = YES;
				GCC_WARN_UNINITIALIZED_AUTOS = YES_AGGRESSIVE;
				GCC_WARN_UNUSED_FUNCTION = YES;
				GCC_WARN_UNUSED_VARIABLE = YES;
				MACOSX_DEPLOYMENT_TARGET = 10.15;
				MTL_ENABLE_DEBUG_INFO = INCLUDE_SOURCE;
				MTL_FAST_MATH = YES;
				ONLY_ACTIVE_ARCH = YES;
				SDKROOT = macosx;
			};
			name = Debug;
		};
		C1FF95F9251F6DE500276685 /* Release */ = {
			isa = XCBuildConfiguration;
			buildSettings = {
				ALWAYS_SEARCH_USER_PATHS = NO;
				CLANG_ANALYZER_NONNULL = YES;
				CLANG_ANALYZER_NUMBER_OBJECT_CONVERSION = YES_AGGRESSIVE;
				CLANG_CXX_LANGUAGE_STANDARD = "gnu++14";
				CLANG_CXX_LIBRARY = "libc++";
				CLANG_ENABLE_MODULES = YES;
				CLANG_ENABLE_OBJC_ARC = YES;
				CLANG_ENABLE_OBJC_WEAK = YES;
				CLANG_WARN_BLOCK_CAPTURE_AUTORELEASING = YES;
				CLANG_WARN_BOOL_CONVERSION = YES;
				CLANG_WARN_COMMA = YES;
				CLANG_WARN_CONSTANT_CONVERSION = YES;
				CLANG_WARN_DEPRECATED_OBJC_IMPLEMENTATIONS = YES;
				CLANG_WARN_DIRECT_OBJC_ISA_USAGE = YES_ERROR;
				CLANG_WARN_DOCUMENTATION_COMMENTS = YES;
				CLANG_WARN_EMPTY_BODY = YES;
				CLANG_WARN_ENUM_CONVERSION = YES;
				CLANG_WARN_INFINITE_RECURSION = YES;
				CLANG_WARN_INT_CONVERSION = YES;
				CLANG_WARN_NON_LITERAL_NULL_CONVERSION = YES;
				CLANG_WARN_OBJC_IMPLICIT_RETAIN_SELF = YES;
				CLANG_WARN_OBJC_LITERAL_CONVERSION = YES;
				CLANG_WARN_OBJC_ROOT_CLASS = YES_ERROR;
				CLANG_WARN_QUOTED_INCLUDE_IN_FRAMEWORK_HEADER = YES;
				CLANG_WARN_RANGE_LOOP_ANALYSIS = YES;
				CLANG_WARN_STRICT_PROTOTYPES = YES;
				CLANG_WARN_SUSPICIOUS_MOVE = YES;
				CLANG_WARN_UNGUARDED_AVAILABILITY = YES_AGGRESSIVE;
				CLANG_WARN_UNREACHABLE_CODE = YES;
				CLANG_WARN__DUPLICATE_METHOD_MATCH = YES;
				COPY_PHASE_STRIP = NO;
				DEBUG_INFORMATION_FORMAT = "dwarf-with-dsym";
				ENABLE_NS_ASSERTIONS = NO;
				ENABLE_STRICT_OBJC_MSGSEND = YES;
				GCC_C_LANGUAGE_STANDARD = gnu11;
				GCC_NO_COMMON_BLOCKS = YES;
				GCC_WARN_64_TO_32_BIT_CONVERSION = YES;
				GCC_WARN_ABOUT_RETURN_TYPE = YES_ERROR;
				GCC_WARN_UNDECLARED_SELECTOR = YES;
				GCC_WARN_UNINITIALIZED_AUTOS = YES_AGGRESSIVE;
				GCC_WARN_UNUSED_FUNCTION = YES;
				GCC_WARN_UNUSED_VARIABLE = YES;
				MACOSX_DEPLOYMENT_TARGET = 10.15;
				MTL_ENABLE_DEBUG_INFO = NO;
				MTL_FAST_MATH = YES;
				SDKROOT = macosx;
			};
			name = Release;
		};
		C1FF95FB251F6DE500276685 /* Debug */ = {
			isa = XCBuildConfiguration;
			buildSettings = {
				CODE_SIGN_STYLE = Automatic;
				PRODUCT_NAME = "$(TARGET_NAME)";
			};
			name = Debug;
		};
		C1FF95FC251F6DE500276685 /* Release */ = {
			isa = XCBuildConfiguration;
			buildSettings = {
				CODE_SIGN_STYLE = Automatic;
				PRODUCT_NAME = "$(TARGET_NAME)";
			};
			name = Release;
		};
/* End XCBuildConfiguration section */

/* Begin XCConfigurationList section */
		C1FF95EE251F6DE500276685 /* Build configuration list for PBXProject "알고리즘 기초(인프런)" */ = {
			isa = XCConfigurationList;
			buildConfigurations = (
				C1FF95F8251F6DE500276685 /* Debug */,
				C1FF95F9251F6DE500276685 /* Release */,
			);
			defaultConfigurationIsVisible = 0;
			defaultConfigurationName = Release;
		};
		C1FF95FA251F6DE500276685 /* Build configuration list for PBXNativeTarget "알고리즘 기초(인프런)" */ = {
			isa = XCConfigurationList;
			buildConfigurations = (
				C1FF95FB251F6DE500276685 /* Debug */,
				C1FF95FC251F6DE500276685 /* Release */,
			);
			defaultConfigurationIsVisible = 0;
			defaultConfigurationName = Release;
		};
/* End XCConfigurationList section */
	};
	rootObject = C1FF95EB251F6DE500276685 /* Project object */;
}
